
Microsoft Visual Studio Solution File, Format Version 12.00
# Visual Studio Version 16
VisualStudioVersion = 16.0.29806.167
MinimumVisualStudioVersion = 10.0.40219.1
Project("{FAE04EC0-301F-11D3-BF4B-00C04F79EFBC}") = "VehicleAgency", "VehicleAgency\VehicleAgency.csproj", "{E99B602D-32DC-44CE-A50F-B27E1F0503F5}"
EndProject
Project("{FAE04EC0-301F-11D3-BF4B-00C04F79EFBC}") = "VehicleAgencyTests", "VehicleAgencyTests\VehicleAgencyTests.csproj", "{6443DD28-6372-4CBA-A50F-A3A57DDD1A00}"
EndProject
Global
	GlobalSection(SolutionConfigurationPlatforms) = preSolution
		Debug|Any CPU = Debug|Any CPU
		Release|Any CPU = Release|Any CPU
	EndGlobalSection
	GlobalSection(ProjectConfigurationPlatforms) = postSolution
		{E99B602D-32DC-44CE-A50F-B27E1F0503F5}.Debug|Any CPU.ActiveCfg = Debug|Any CPU
		{E99B602D-32DC-44CE-A50F-B27E1F0503F5}.Debug|Any CPU.Build.0 = Debug|Any CPU
		{E99B602D-32DC-44CE-A50F-B27E1F0503F5}.Release|Any CPU.ActiveCfg = Release|Any CPU
		{E99B602D-32DC-44CE-A50F-B27E1F0503F5}.Release|Any CPU.Build.0 = Release|Any CPU
		{6443DD28-6372-4CBA-A50F-A3A57DDD1A00}.Debug|Any CPU.ActiveCfg = Debug|Any CPU
		{6443DD28-6372-4CBA-A50F-A3A57DDD1A00}.Debug|Any CPU.Build.0 = Debug|Any CPU
		{6443DD28-6372-4CBA-A50F-A3A57DDD1A00}.Release|Any CPU.ActiveCfg = Release|Any CPU
		{6443DD28-6372-4CBA-A50F-A3A57DDD1A00}.Release|Any CPU.Build.0 = Release|Any CPU
	EndGlobalSection
	GlobalSection(SolutionProperties) = preSolution
		HideSolutionNode = FALSE
	EndGlobalSection
	GlobalSection(ExtensibilityGlobals) = postSolution
		SolutionGuid = {430DCC2D-8275-414F-AE43-A75ED15BDFFA}
	EndGlobalSection
EndGlobal
